
Microsoft Visual Studio Solution File, Format Version 12.00
# Visual Studio 15
VisualStudioVersion = 15.0.28307.421
MinimumVisualStudioVersion = 10.0.40219.1
Project("{FAE04EC0-301F-11D3-BF4B-00C04F79EFBC}") = "TestAPI", "TestAPI\TestAPI.csproj", "{2DF67A04-8C4E-47F3-8654-AFE0B69A28ED}"
EndProject
Project("{FAE04EC0-301F-11D3-BF4B-00C04F79EFBC}") = "DemoUnitTest", "DemoUnitTest\DemoUnitTest.csproj", "{0EE7EF82-738D-4916-8815-556BF1DB4635}"
EndProject
Global
	GlobalSection(SolutionConfigurationPlatforms) = preSolution
		Debug|Any CPU = Debug|Any CPU
		Release|Any CPU = Release|Any CPU
	EndGlobalSection
	GlobalSection(ProjectConfigurationPlatforms) = postSolution
		{2DF67A04-8C4E-47F3-8654-AFE0B69A28ED}.Debug|Any CPU.ActiveCfg = Debug|Any CPU
		{2DF67A04-8C4E-47F3-8654-AFE0B69A28ED}.Debug|Any CPU.Build.0 = Debug|Any CPU
		{2DF67A04-8C4E-47F3-8654-AFE0B69A28ED}.Release|Any CPU.ActiveCfg = Release|Any CPU
		{2DF67A04-8C4E-47F3-8654-AFE0B69A28ED}.Release|Any CPU.Build.0 = Release|Any CPU
		{0EE7EF82-738D-4916-8815-556BF1DB4635}.Debug|Any CPU.ActiveCfg = Debug|Any CPU
		{0EE7EF82-738D-4916-8815-556BF1DB4635}.Debug|Any CPU.Build.0 = Debug|Any CPU
		{0EE7EF82-738D-4916-8815-556BF1DB4635}.Release|Any CPU.ActiveCfg = Release|Any CPU
		{0EE7EF82-738D-4916-8815-556BF1DB4635}.Release|Any CPU.Build.0 = Release|Any CPU
	EndGlobalSection
	GlobalSection(SolutionProperties) = preSolution
		HideSolutionNode = FALSE
	EndGlobalSection
	GlobalSection(ExtensibilityGlobals) = postSolution
		SolutionGuid = {EA6F3188-3163-4EB2-B106-2CF1ADA9A4FD}
	EndGlobalSection
EndGlobal
